{
  "requires": true,
  "lockfileVersion": 1,
  "dependencies": {
    "@material/animation": {
      "version": "0.34.0",
      "resolved": "https://registry.npmjs.org/@material/animation/-/animation-0.34.0.tgz",
      "integrity": "sha512-HKWU+pHda+xSIV0lwrTMOb/N005NIAV7+tvEEjTiLrQx74eO6J9nIjfCpZ0W4D8Kb9K90lgHFo0ZRC6yDTjizQ=="
    },
    "@material/base": {
      "version": "0.34.0",
      "resolved": "https://registry.npmjs.org/@material/base/-/base-0.34.0.tgz",
      "integrity": "sha512-HFYy+AHPqPLv2V2aO+tlkhUH/wmt6PCfMzvGPS/ggef/nysu7akC95BG8iaQBCqjpq5sFXDWk7SEdJb/9NHJIQ=="
    },
    "@material/elevation": {
      "version": "0.34.0",
      "resolved": "https://registry.npmjs.org/@material/elevation/-/elevation-0.34.0.tgz",
      "integrity": "sha512-m+DtLtZ9GFSXzc/oPr13NkwDaPjjNZ48TxeJA8TKKm9Jn2H+TLNCzNoG649+kd3gI386W6EDOtuzrVbr8SUHXw==",
      "requires": {
        "@material/animation": "0.34.0",
        "@material/theme": "0.4.0"
      },
      "dependencies": {
        "@material/theme": {
          "version": "0.4.0",
          "resolved": "https://registry.npmjs.org/@material/theme/-/theme-0.4.0.tgz",
          "integrity": "sha1-Cu8aAnm2XBWZBYT7i47KCVxzRkE="
        }
      }
    },
    "@material/menu": {
      "version": "0.34.0",
      "resolved": "https://registry.npmjs.org/@material/menu/-/menu-0.34.0.tgz",
      "integrity": "sha512-dpiljjLjTtL8+C3vajOvIzvB6Pnaj6NBKnvd6kxbFQxO6cccBBM+yNVjKthd9x+IbtAdiBC2XEFRaQrP+Ltybw==",
      "requires": {
        "@material/animation": "0.34.0",
        "@material/base": "0.34.0",
        "@material/elevation": "0.34.0",
        "@material/theme": "0.34.0",
        "@material/typography": "0.34.0"
      }
    },
    "@material/theme": {
      "version": "0.34.0",
      "resolved": "https://registry.npmjs.org/@material/theme/-/theme-0.34.0.tgz",
      "integrity": "sha512-PXFRQ9Q8ycXz9ihb0UAGgnBTVzIq0Qd3jgonHLYMzIL9+8D4BrQqJlM9uyyN5N/7KwesP7ItiumdfZ5f5gfAxw=="
    },
    "@material/typography": {
      "version": "0.34.0",
      "resolved": "https://registry.npmjs.org/@material/typography/-/typography-0.34.0.tgz",
      "integrity": "sha512-NMFBSdwvUzhRVQQxK6m1dMHB4R1eGKsbkIOiBvsiclUF7bailSXJh8p+ki4YolTOy/jvNTdGlUMqF0W+/ebdtw=="
    },
    "classnames": {
      "version": "2.2.5",
      "resolved": "https://registry.npmjs.org/classnames/-/classnames-2.2.5.tgz",
      "integrity": "sha1-+zgB1FNGdknvNgPH1hoCvRKb3m0="
    },
    "feather-icons": {
      "version": "4.7.0",
      "resolved": "https://registry.npmjs.org/feather-icons/-/feather-icons-4.7.0.tgz",
      "integrity": "sha512-/dKhEelpOazdN0MtcBZTgqo1tZHn35y40V0sGPi6FzzwNbQ5H6vzTqYWWMeRtKw5JePmog7RthR/PYPA1lYNFA==",
      "requires": {
        "classnames": "2.2.5"
      }
    },
    "mustache": {
      "version": "2.3.0",
      "resolved": "https://registry.npmjs.org/mustache/-/mustache-2.3.0.tgz",
      "integrity": "sha1-QCj3d4sXcIpImTCm5SrDvKDaQdA="
    },
    "viewerjs": {
      "version": "1.0.0",
      "resolved": "https://registry.npmjs.org/viewerjs/-/viewerjs-1.0.0.tgz",
      "integrity": "sha512-wMNpAB2nPbud2SH7HeTjjCN5UZ6lEYKSu5qBCZmFoEeMyhl/S081hWh8zZLoCAY4j8UbNj5lieLv2u/4bU/yyA=="
    },
    "vue": {
      "version": "2.5.16",
      "resolved": "https://registry.npmjs.org/vue/-/vue-2.5.16.tgz",
      "integrity": "sha512-/ffmsiVuPC8PsWcFkZngdpas19ABm5mh2wA7iDqcltyCTwlgZjHGeJYOXkBMo422iPwIcviOtrTCUpSfXmToLQ=="
    }
  }
}
